
Microsoft Visual Studio Solution File, Format Version 12.00
# Visual Studio Version 17
VisualStudioVersion = 17.8.34330.188
MinimumVisualStudioVersion = 10.0.40219.1
Project("{FAE04EC0-301F-11D3-BF4B-00C04F79EFBC}") = "6week_team_assignment", "6week_team_assignment\6week_team_assignment.csproj", "{3F7DDDA1-1B89-40E0-BCE5-14BD07917479}"
EndProject
Global
	GlobalSection(SolutionConfigurationPlatforms) = preSolution
		Debug|Any CPU = Debug|Any CPU
		Release|Any CPU = Release|Any CPU
	EndGlobalSection
	GlobalSection(ProjectConfigurationPlatforms) = postSolution
		{3F7DDDA1-1B89-40E0-BCE5-14BD07917479}.Debug|Any CPU.ActiveCfg = Debug|Any CPU
		{3F7DDDA1-1B89-40E0-BCE5-14BD07917479}.Debug|Any CPU.Build.0 = Debug|Any CPU
		{3F7DDDA1-1B89-40E0-BCE5-14BD07917479}.Release|Any CPU.ActiveCfg = Release|Any CPU
		{3F7DDDA1-1B89-40E0-BCE5-14BD07917479}.Release|Any CPU.Build.0 = Release|Any CPU
	EndGlobalSection
	GlobalSection(SolutionProperties) = preSolution
		HideSolutionNode = FALSE
	EndGlobalSection
	GlobalSection(ExtensibilityGlobals) = postSolution
		SolutionGuid = {89C78AAE-ECE4-4903-A89D-3FFBF4449E7A}
	EndGlobalSection
EndGlobal
